
Microsoft Visual Studio Solution File, Format Version 12.00
# Visual Studio Version 17
VisualStudioVersion = 17.0.31903.59
MinimumVisualStudioVersion = 10.0.40219.1
Project("{2150E333-8FDC-42A3-9474-1A3956D46DE8}") = "infrastructure", "infrastructure", "{6B2BA9F5-DEAA-4B72-B3EB-1D963B6E63F4}"
EndProject
Project("{E53339B2-1760-4266-BCC7-CA923CBCF16C}") = "docker-compose", "docker-compose.dcproj", "{9FB5E2F4-A23F-4A54-80D3-1D40B93E5EB4}"
EndProject
Project("{2150E333-8FDC-42A3-9474-1A3956D46DE8}") = "frontend", "frontend", "{569BE4E4-C0BD-47C8-9C12-4889566DE59D}"
EndProject
Project("{2150E333-8FDC-42A3-9474-1A3956D46DE8}") = "backend", "backend", "{6C096005-0A88-46B1-AF7C-ED8E4E31B469}"
EndProject
Project("{FAE04EC0-301F-11D3-BF4B-00C04F79EFBC}") = "NotesApp.Api", "src\backend\Api\NotesApp.Api\NotesApp.Api.csproj", "{61026A9E-58BE-45F6-5C73-932CA71B615D}"
EndProject
Project("{2150E333-8FDC-42A3-9474-1A3956D46DE8}") = "domain", "domain", "{02EA681E-C7D8-13C7-8484-4AC65E1B71E8}"
EndProject
Project("{2150E333-8FDC-42A3-9474-1A3956D46DE8}") = "modules", "modules", "{37EEB58E-F4F0-49D9-B844-E642500AED8C}"
EndProject
Project("{FAE04EC0-301F-11D3-BF4B-00C04F79EFBC}") = "NotesApp.Domain", "src\backend\Domain\NotesApp.Domain\NotesApp.Domain.csproj", "{C30F4131-D742-361A-EAF3-FFD9BAE137E8}"
EndProject
Project("{FAE04EC0-301F-11D3-BF4B-00C04F79EFBC}") = "NotesApp.DAL", "src\backend\Infrastructure\NotesApp.DAL\NotesApp.DAL.csproj", "{2954F80A-0DE4-408F-F86F-25BC983F83EF}"
EndProject
Global
	GlobalSection(SolutionConfigurationPlatforms) = preSolution
		Debug|Any CPU = Debug|Any CPU
		Release|Any CPU = Release|Any CPU
	EndGlobalSection
	GlobalSection(ProjectConfigurationPlatforms) = postSolution
		{9FB5E2F4-A23F-4A54-80D3-1D40B93E5EB4}.Debug|Any CPU.ActiveCfg = Debug|Any CPU
		{9FB5E2F4-A23F-4A54-80D3-1D40B93E5EB4}.Debug|Any CPU.Build.0 = Debug|Any CPU
		{9FB5E2F4-A23F-4A54-80D3-1D40B93E5EB4}.Release|Any CPU.ActiveCfg = Release|Any CPU
		{9FB5E2F4-A23F-4A54-80D3-1D40B93E5EB4}.Release|Any CPU.Build.0 = Release|Any CPU
		{61026A9E-58BE-45F6-5C73-932CA71B615D}.Debug|Any CPU.ActiveCfg = Debug|Any CPU
		{61026A9E-58BE-45F6-5C73-932CA71B615D}.Debug|Any CPU.Build.0 = Debug|Any CPU
		{61026A9E-58BE-45F6-5C73-932CA71B615D}.Release|Any CPU.ActiveCfg = Release|Any CPU
		{61026A9E-58BE-45F6-5C73-932CA71B615D}.Release|Any CPU.Build.0 = Release|Any CPU
		{C30F4131-D742-361A-EAF3-FFD9BAE137E8}.Debug|Any CPU.ActiveCfg = Debug|Any CPU
		{C30F4131-D742-361A-EAF3-FFD9BAE137E8}.Debug|Any CPU.Build.0 = Debug|Any CPU
		{C30F4131-D742-361A-EAF3-FFD9BAE137E8}.Release|Any CPU.ActiveCfg = Release|Any CPU
		{C30F4131-D742-361A-EAF3-FFD9BAE137E8}.Release|Any CPU.Build.0 = Release|Any CPU
		{2954F80A-0DE4-408F-F86F-25BC983F83EF}.Debug|Any CPU.ActiveCfg = Debug|Any CPU
		{2954F80A-0DE4-408F-F86F-25BC983F83EF}.Debug|Any CPU.Build.0 = Debug|Any CPU
		{2954F80A-0DE4-408F-F86F-25BC983F83EF}.Release|Any CPU.ActiveCfg = Release|Any CPU
		{2954F80A-0DE4-408F-F86F-25BC983F83EF}.Release|Any CPU.Build.0 = Release|Any CPU
	EndGlobalSection
	GlobalSection(SolutionProperties) = preSolution
		HideSolutionNode = FALSE
	EndGlobalSection
	GlobalSection(NestedProjects) = preSolution
		{6B2BA9F5-DEAA-4B72-B3EB-1D963B6E63F4} = {6C096005-0A88-46B1-AF7C-ED8E4E31B469}
		{61026A9E-58BE-45F6-5C73-932CA71B615D} = {6C096005-0A88-46B1-AF7C-ED8E4E31B469}
		{02EA681E-C7D8-13C7-8484-4AC65E1B71E8} = {6C096005-0A88-46B1-AF7C-ED8E4E31B469}
		{37EEB58E-F4F0-49D9-B844-E642500AED8C} = {6C096005-0A88-46B1-AF7C-ED8E4E31B469}
		{C30F4131-D742-361A-EAF3-FFD9BAE137E8} = {02EA681E-C7D8-13C7-8484-4AC65E1B71E8}
		{2954F80A-0DE4-408F-F86F-25BC983F83EF} = {6B2BA9F5-DEAA-4B72-B3EB-1D963B6E63F4}
	EndGlobalSection
	GlobalSection(ExtensibilityGlobals) = postSolution
		SolutionGuid = {A5836504-7A3A-4FFC-8012-0F0860C57D39}
	EndGlobalSection
EndGlobal
